
Microsoft Visual Studio Solution File, Format Version 12.00
# Visual Studio Version 17
VisualStudioVersion = 17.13.35919.96 d17.13
MinimumVisualStudioVersion = 10.0.40219.1
Project("{FAE04EC0-301F-11D3-BF4B-00C04F79EFBC}") = "TestAgent", "TestAgent.csproj", "{041CF6A5-F5C7-4393-B5EE-E094BECDF306}"
EndProject
Global
	GlobalSection(SolutionConfigurationPlatforms) = preSolution
		Debug|Any CPU = Debug|Any CPU
		Release|Any CPU = Release|Any CPU
	EndGlobalSection
	GlobalSection(ProjectConfigurationPlatforms) = postSolution
		{041CF6A5-F5C7-4393-B5EE-E094BECDF306}.Debug|Any CPU.ActiveCfg = Debug|Any CPU
		{041CF6A5-F5C7-4393-B5EE-E094BECDF306}.Debug|Any CPU.Build.0 = Debug|Any CPU
		{041CF6A5-F5C7-4393-B5EE-E094BECDF306}.Release|Any CPU.ActiveCfg = Release|Any CPU
		{041CF6A5-F5C7-4393-B5EE-E094BECDF306}.Release|Any CPU.Build.0 = Release|Any CPU
	EndGlobalSection
	GlobalSection(SolutionProperties) = preSolution
		HideSolutionNode = FALSE
	EndGlobalSection
	GlobalSection(ExtensibilityGlobals) = postSolution
		SolutionGuid = {9DABFE2B-4427-4E78-B661-BF600E8F71FC}
	EndGlobalSection
EndGlobal
